{
  "version": 1,
  "dependencies": {
    "net8.0": {
      "StyleCop.Analyzers.Unstable": {
        "type": "Direct",
        "requested": "[1.2.0.556, )",
        "resolved": "1.2.0.556",
        "contentHash": "zvn9Mqs/ox/83cpYPignI8hJEM2A93s2HkHs8HYMOAQW0PkampyoErAiIyKxgTLqbbad29HX/shv/6LGSjPJNQ=="
      }
    },
    "net8.0/linux-arm": {},
    "net8.0/linux-arm64": {},
    "net8.0/linux-musl-arm": {},
    "net8.0/linux-musl-arm64": {},
    "net8.0/linux-musl-x64": {},
    "net8.0/linux-x64": {},
    "net8.0/osx-arm64": {},
    "net8.0/osx-x64": {},
    "net8.0/win-x64": {},
    "net8.0/win-x86": {}
  }
}